
Microsoft Visual Studio Solution File, Format Version 12.00
Project("{FAE04EC0-301F-11D3-BF4B-00C04F79EFBC}") = "xamarin_listings", "xamarin_listings\xamarin_listings.csproj", "{1BFF68B9-47EC-423A-8209-7FA4120CA28C}"
EndProject
Project("{FAE04EC0-301F-11D3-BF4B-00C04F79EFBC}") = "xamarin_listings.Android", "xamarin_listings.Android\xamarin_listings.Android.csproj", "{952C78B0-94C7-474C-A4BD-CA8A1E8DA907}"
EndProject
Project("{FAE04EC0-301F-11D3-BF4B-00C04F79EFBC}") = "xamarin_listings.iOS", "xamarin_listings.iOS\xamarin_listings.iOS.csproj", "{275EB581-35E3-4386-8F15-CCDE9D8F030B}"
EndProject
Global
	GlobalSection(SolutionConfigurationPlatforms) = preSolution
		Ad-Hoc|iPhone = Ad-Hoc|iPhone
		AppStore|iPhone = AppStore|iPhone
		Debug|Any CPU = Debug|Any CPU
		Debug|iPhone = Debug|iPhone
		Debug|iPhoneSimulator = Debug|iPhoneSimulator
		Release|Any CPU = Release|Any CPU
		Release|iPhone = Release|iPhone
		Release|iPhoneSimulator = Release|iPhoneSimulator
	EndGlobalSection
	GlobalSection(ProjectConfigurationPlatforms) = postSolution
		{1BFF68B9-47EC-423A-8209-7FA4120CA28C}.Ad-Hoc|iPhone.ActiveCfg = Debug|Any CPU
		{1BFF68B9-47EC-423A-8209-7FA4120CA28C}.Ad-Hoc|iPhone.Build.0 = Debug|Any CPU
		{1BFF68B9-47EC-423A-8209-7FA4120CA28C}.AppStore|iPhone.ActiveCfg = Debug|Any CPU
		{1BFF68B9-47EC-423A-8209-7FA4120CA28C}.AppStore|iPhone.Build.0 = Debug|Any CPU
		{1BFF68B9-47EC-423A-8209-7FA4120CA28C}.Debug|Any CPU.ActiveCfg = Debug|Any CPU
		{1BFF68B9-47EC-423A-8209-7FA4120CA28C}.Debug|Any CPU.Build.0 = Debug|Any CPU
		{1BFF68B9-47EC-423A-8209-7FA4120CA28C}.Debug|iPhone.ActiveCfg = Debug|Any CPU
		{1BFF68B9-47EC-423A-8209-7FA4120CA28C}.Debug|iPhone.Build.0 = Debug|Any CPU
		{1BFF68B9-47EC-423A-8209-7FA4120CA28C}.Debug|iPhoneSimulator.ActiveCfg = Debug|Any CPU
		{1BFF68B9-47EC-423A-8209-7FA4120CA28C}.Debug|iPhoneSimulator.Build.0 = Debug|Any CPU
		{1BFF68B9-47EC-423A-8209-7FA4120CA28C}.Release|Any CPU.ActiveCfg = Release|Any CPU
		{1BFF68B9-47EC-423A-8209-7FA4120CA28C}.Release|Any CPU.Build.0 = Release|Any CPU
		{1BFF68B9-47EC-423A-8209-7FA4120CA28C}.Release|iPhone.ActiveCfg = Release|Any CPU
		{1BFF68B9-47EC-423A-8209-7FA4120CA28C}.Release|iPhone.Build.0 = Release|Any CPU
		{1BFF68B9-47EC-423A-8209-7FA4120CA28C}.Release|iPhoneSimulator.ActiveCfg = Release|Any CPU
		{1BFF68B9-47EC-423A-8209-7FA4120CA28C}.Release|iPhoneSimulator.Build.0 = Release|Any CPU
		{952C78B0-94C7-474C-A4BD-CA8A1E8DA907}.Ad-Hoc|iPhone.ActiveCfg = Debug|Any CPU
		{952C78B0-94C7-474C-A4BD-CA8A1E8DA907}.Ad-Hoc|iPhone.Build.0 = Debug|Any CPU
		{952C78B0-94C7-474C-A4BD-CA8A1E8DA907}.Ad-Hoc|iPhone.Deploy.0 = Debug|Any CPU
		{952C78B0-94C7-474C-A4BD-CA8A1E8DA907}.AppStore|iPhone.ActiveCfg = Debug|Any CPU
		{952C78B0-94C7-474C-A4BD-CA8A1E8DA907}.AppStore|iPhone.Build.0 = Debug|Any CPU
		{952C78B0-94C7-474C-A4BD-CA8A1E8DA907}.AppStore|iPhone.Deploy.0 = Debug|Any CPU
		{952C78B0-94C7-474C-A4BD-CA8A1E8DA907}.Debug|Any CPU.ActiveCfg = Debug|Any CPU
		{952C78B0-94C7-474C-A4BD-CA8A1E8DA907}.Debug|Any CPU.Build.0 = Debug|Any CPU
		{952C78B0-94C7-474C-A4BD-CA8A1E8DA907}.Debug|Any CPU.Deploy.0 = Debug|Any CPU
		{952C78B0-94C7-474C-A4BD-CA8A1E8DA907}.Debug|iPhone.ActiveCfg = Debug|Any CPU
		{952C78B0-94C7-474C-A4BD-CA8A1E8DA907}.Debug|iPhone.Build.0 = Debug|Any CPU
		{952C78B0-94C7-474C-A4BD-CA8A1E8DA907}.Debug|iPhone.Deploy.0 = Debug|Any CPU
		{952C78B0-94C7-474C-A4BD-CA8A1E8DA907}.Debug|iPhoneSimulator.ActiveCfg = Debug|Any CPU
		{952C78B0-94C7-474C-A4BD-CA8A1E8DA907}.Debug|iPhoneSimulator.Build.0 = Debug|Any CPU
		{952C78B0-94C7-474C-A4BD-CA8A1E8DA907}.Debug|iPhoneSimulator.Deploy.0 = Debug|Any CPU
		{952C78B0-94C7-474C-A4BD-CA8A1E8DA907}.Release|Any CPU.ActiveCfg = Release|Any CPU
		{952C78B0-94C7-474C-A4BD-CA8A1E8DA907}.Release|Any CPU.Build.0 = Release|Any CPU
		{952C78B0-94C7-474C-A4BD-CA8A1E8DA907}.Release|Any CPU.Deploy.0 = Release|Any CPU
		{952C78B0-94C7-474C-A4BD-CA8A1E8DA907}.Release|iPhone.ActiveCfg = Release|Any CPU
		{952C78B0-94C7-474C-A4BD-CA8A1E8DA907}.Release|iPhone.Build.0 = Release|Any CPU
		{952C78B0-94C7-474C-A4BD-CA8A1E8DA907}.Release|iPhone.Deploy.0 = Release|Any CPU
		{952C78B0-94C7-474C-A4BD-CA8A1E8DA907}.Release|iPhoneSimulator.ActiveCfg = Release|Any CPU
		{952C78B0-94C7-474C-A4BD-CA8A1E8DA907}.Release|iPhoneSimulator.Build.0 = Release|Any CPU
		{952C78B0-94C7-474C-A4BD-CA8A1E8DA907}.Release|iPhoneSimulator.Deploy.0 = Release|Any CPU
		{275EB581-35E3-4386-8F15-CCDE9D8F030B}.Ad-Hoc|iPhone.ActiveCfg = Ad-Hoc|iPhone
		{275EB581-35E3-4386-8F15-CCDE9D8F030B}.Ad-Hoc|iPhone.Build.0 = Ad-Hoc|iPhone
		{275EB581-35E3-4386-8F15-CCDE9D8F030B}.Ad-Hoc|iPhone.Deploy.0 = Ad-Hoc|iPhone
		{275EB581-35E3-4386-8F15-CCDE9D8F030B}.AppStore|iPhone.ActiveCfg = AppStore|iPhone
		{275EB581-35E3-4386-8F15-CCDE9D8F030B}.AppStore|iPhone.Build.0 = AppStore|iPhone
		{275EB581-35E3-4386-8F15-CCDE9D8F030B}.AppStore|iPhone.Deploy.0 = AppStore|iPhone
		{275EB581-35E3-4386-8F15-CCDE9D8F030B}.Debug|Any CPU.ActiveCfg = Debug|iPhoneSimulator
		{275EB581-35E3-4386-8F15-CCDE9D8F030B}.Debug|Any CPU.Build.0 = Debug|iPhoneSimulator
		{275EB581-35E3-4386-8F15-CCDE9D8F030B}.Debug|Any CPU.Deploy.0 = Debug|iPhoneSimulator
		{275EB581-35E3-4386-8F15-CCDE9D8F030B}.Debug|iPhone.ActiveCfg = Debug|iPhone
		{275EB581-35E3-4386-8F15-CCDE9D8F030B}.Debug|iPhone.Build.0 = Debug|iPhone
		{275EB581-35E3-4386-8F15-CCDE9D8F030B}.Debug|iPhone.Deploy.0 = Debug|iPhone
		{275EB581-35E3-4386-8F15-CCDE9D8F030B}.Debug|iPhoneSimulator.ActiveCfg = Debug|iPhoneSimulator
		{275EB581-35E3-4386-8F15-CCDE9D8F030B}.Debug|iPhoneSimulator.Build.0 = Debug|iPhoneSimulator
		{275EB581-35E3-4386-8F15-CCDE9D8F030B}.Debug|iPhoneSimulator.Deploy.0 = Debug|iPhoneSimulator
		{275EB581-35E3-4386-8F15-CCDE9D8F030B}.Release|Any CPU.ActiveCfg = Release|iPhoneSimulator
		{275EB581-35E3-4386-8F15-CCDE9D8F030B}.Release|Any CPU.Build.0 = Release|iPhoneSimulator
		{275EB581-35E3-4386-8F15-CCDE9D8F030B}.Release|Any CPU.Deploy.0 = Release|iPhoneSimulator
		{275EB581-35E3-4386-8F15-CCDE9D8F030B}.Release|iPhone.ActiveCfg = Release|iPhone
		{275EB581-35E3-4386-8F15-CCDE9D8F030B}.Release|iPhone.Build.0 = Release|iPhone
		{275EB581-35E3-4386-8F15-CCDE9D8F030B}.Release|iPhone.Deploy.0 = Release|iPhone
		{275EB581-35E3-4386-8F15-CCDE9D8F030B}.Release|iPhoneSimulator.ActiveCfg = Release|iPhoneSimulator
		{275EB581-35E3-4386-8F15-CCDE9D8F030B}.Release|iPhoneSimulator.Build.0 = Release|iPhoneSimulator
		{275EB581-35E3-4386-8F15-CCDE9D8F030B}.Release|iPhoneSimulator.Deploy.0 = Release|iPhoneSimulator
	EndGlobalSection
EndGlobal
